dependencies:
- name: postgresql
  repository: https://charts.bitnami.com/bitnami
  version: 18.12.1
- name: redis
  repository: https://charts.bitnami.com/bitnami
  version: 28.2.3
digest: sha256:99bcd07962b51a38ff4fd9af65e9dc89a478cfdf6251f56ce5b4bc1906c42875
generated: "2026-09-25T08:40:44.184583594-03:00"
