# THIS IS AN AUTOGENERATED FILE. DO NOT EDIT THIS FILE DIRECTLY.
# yarn lockfile v1


"@babel/helper-string-parser@^7.29.7":
  version "7.29.7"
  resolved "https://registry.yarnpkg.com/@babel/helper-string-parser/-/helper-string-parser-7.29.7.tgz#7f0871d99824d23137d60f86fcf6130fd5a1b51f"
  integrity sha512-Pb5ijPrZ89GDH8223L4UP8i6QApWxs04RbPQJTeWDV0/keR2E36MeKnyr6LYmUUvqRRI+Iv87SuF1W6ErINzYw==

"@babel/helper-validator-identifier@^7.29.7":
  version "7.29.7"
  resolved "https://registry.yarnpkg.com/@babel/helper-validator-identifier/-/helper-validator-identifier-7.29.7.tgz#bd87084ced0c796ec46bda492de6e83d29e89fc2"
  integrity sha512-qehxGkRj55h/ff8EMaJ+cYhyaKlHIxqYDn682wQD7RNp9UujOQsHog2uS0r2vzr4pW+sXf90NeeayjcNaX3fFg==

"@babel/parser@^7.29.8":
  version "7.29.9"
  resolved "https://registry.yarnpkg.com/@babel/parser/-/parser-7.29.9.tgz#e7ee0a24f752c5296c6455855ccb72662e67ea96"
  integrity sha512-CjXrNHTnvqBVqHgdBysY3vk2T8tpJHb5/RMeHJBTyVa9xgugCB0CJTx/3oO8RV2QRQP391RWpB7D6hLjm8V9uA==
  dependencies:
    "@babel/types" "^7.29.8"

"@babel/types@^7.29.8":
  version "7.29.8"
  resolved "https://registry.yarnpkg.com/@babel/types/-/types-7.29.8.tgz#1229eef31d85156d70fa3f4cd859376d0eaf6863"
  integrity sha512-Vj1jF3cPfxg7OAfoI7QnVKLoILlm2JF9pnVHrX8qx7AHMiYWT+NDAA7jChlNgRS4WTLc/fD1lXLmPixluj+3Gg==
  dependencies:
    "@babel/helper-string-parser" "^7.29.7"
    "@babel/helper-validator-identifier" "^7.29.7"

"@clack/core@1.4.3":
  version "1.4.3"
  resolved "https://registry.yarnpkg.com/@clack/core/-/core-1.4.3.tgz#1e831974f811d733707ec650e58f690d7d74c5fa"
  integrity sha512-/kr3UWNtdJfxZtPgDqUOmG2pvwlmcLGheex5yiZKdwbzZJxhV+HMNR9QNmyY5cGwTNV6LrR7Jtp+KjhUAP1qBQ==
  dependencies:
    fast-wrap-ansi "^0.2.0"
    sisteransi "^1.0.5"

"@clack/prompts@1.7.0":
  version "1.7.0"
  resolved "https://registry.yarnpkg.com/@clack/prompts/-/prompts-1.7.0.tgz#2d6ced363a608ba23f6b9611205b8306c85bbf0d"
  integrity sha512-y7/yvZ2TPAnR9+jnc00klvNNLkJiXFFrQA/hlLCcxA9a2A4zQIOimyFQ9XfwYKiGD1fb5GY8vbKIIgO8d5Tb2A==
  dependencies:
    "@clack/core" "1.4.3"
    fast-string-width "^3.0.2"
    fast-wrap-ansi "^0.2.0"
    sisteransi "^1.0.5"

"@faker-js/faker@^10.6.0":
  version "10.6.0"
  resolved "https://registry.yarnpkg.com/@faker-js/faker/-/faker-10.6.0.tgz#b6b0248f0f59e0ac69ad6803167d58bb824f929d"
  integrity sha512-3RQHgEtvL1Frl/d1cSreo7qhJ3Gk1OdNUai/CtZ8G+wYeRQnJih3s9xJ9/kgYekPQRdwgh0HXRPqMlzWGwivIQ==

"@jridgewell/gen-mapping@^0.3.5":
  version "0.3.13"
  resolved "https://registry.yarnpkg.com/@jridgewell/gen-mapping/-/gen-mapping-0.3.13.tgz#6342a19f44347518c93e43b1ac69deb3c4656a1f"
  integrity sha512-2kkt/7niJ6MgEPxF0bYdQ6etZaA+fQvDcLKckhy1yIQOzaoKjBBjSj63/aLVjYE3qhRt5dvM+uUyfCg6UKCBbA==
  dependencies:
    "@jridgewell/sourcemap-codec" "^1.5.0"
    "@jridgewell/trace-mapping" "^0.3.24"

"@jridgewell/remapping@^2.3.5":
  version "2.3.5"
  resolved "https://registry.yarnpkg.com/@jridgewell/remapping/-/remapping-2.3.5.tgz#375c476d1972947851ba1e15ae8f123047445aa1"
  integrity sha512-LI9u/+laYG4Ds1TDKSJW2YPrIlcVYOwi2fUC6xB43lueCjgxV4lffOCZCtYFiH6TNOX+tQKXx97T4IKHbhyHEQ==
  dependencies:
    "@jridgewell/gen-mapping" "^0.3.5"
    "@jridgewell/trace-mapping" "^0.3.24"

"@jridgewell/resolve-uri@^3.1.0":
  version "3.1.2"
  resolved "https://registry.yarnpkg.com/@jridgewell/resolve-uri/-/resolve-uri-3.1.2.tgz#7a0ee601f60f99a20c7c7c5ff0c80388c1189bd6"
  integrity sha512-bRISgCIjP20/tbWSPWMEi54QVPRZExkuD9lJL+UIxUKtwVJA8wW1Trb1jMs1RFXo1CBTNZ/5hpC9QvmKWdopKw==

"@jridgewell/sourcemap-codec@^1.4.14", "@jridgewell/sourcemap-codec@^1.5.0", "@jridgewell/sourcemap-codec@^1.5.5", "@jridgewell/sourcemap-codec@^1.6.0":
  version "1.6.0"
  resolved "https://registry.yarnpkg.com/@jridgewell/sourcemap-codec/-/sourcemap-codec-1.6.0.tgz#f4c663e862f06dc98ca4d453862c46902789a18d"
  integrity sha512-T7jf+5zgsZHwNJ4lvQ7/aezbyk0nNX+zJVWpmHA7VYsEx7a7qr5Rg5IbtJFqkgze5Y2sruq1RUY8Q837Od7iFw==

"@jridgewell/trace-mapping@^0.3.24":
  version "0.3.31"
  resolved "https://registry.yarnpkg.com/@jridgewell/trace-mapping/-/trace-mapping-0.3.31.tgz#db15d6781c931f3a251a3dac39501c98a6082fd0"
  integrity sha512-zzNR+SdQSDJzc8joaeP8QQoCQr8NuYx2dIIytl1QeBEZHJ9uW6hebsrYgbz8hJwUQao3TWCMtmfV8Nu1twOLAw==
  dependencies:
    "@jridgewell/resolve-uri" "^3.1.0"
    "@jridgewell/sourcemap-codec" "^1.4.14"

"@nuxt/devtools-kit@^2.7.0":
  version "2.7.0"
  resolved "https://registry.yarnpkg.com/@nuxt/devtools-kit/-/devtools-kit-2.7.0.tgz#981dc6d27022dad38b9ec0644da4230b8556ff35"
  integrity sha512-MIJdah6CF6YOW2GhfKnb8Sivu6HpcQheqdjOlZqShBr+1DyjtKQbAKSCAyKPaoIzZP4QOo2SmTFV6aN8jBeEIQ==
  dependencies:
    "@nuxt/kit" "^3.19.3"
    execa "^8.0.1"

"@nuxt/kit@^3.19.3", "@nuxt/kit@^3.21.11":
  version "3.21.11"
  resolved "https://registry.yarnpkg.com/@nuxt/kit/-/kit-3.21.11.tgz#983c40f57ce222149dce212485c64bc56f663cc8"
  integrity sha512-0Xi3tgwN77w43Q8GCPIrvWmF1J7Peehkts44E0uKNIml9lB8WoUn8YxyUjxBv47XtVR86NWoWALAT+/IEMHJEA==
  dependencies:
    c12 "^3.3.4"
    consola "^3.4.2"
    defu "^6.1.7"
    destr "^2.0.5"
    errx "^0.1.2"
    exsolve "^1.1.1"
    ignore "^7.0.6"
    jiti "^2.7.0"
    klona "^2.0.6"
    knitwork "^1.3.0"
    mlly "^1.8.2"
    ohash "^2.0.11"
    pathe "^2.0.3"
    pkg-types "^2.3.1"
    rc9 "^3.0.1"
    scule "^1.3.0"
    semver "^7.8.5"
    tinyglobby "^0.2.17"
    ufo "^1.6.4"
    unctx "^2.5.0"
    untyped "^2.0.0"

"@nuxt/test-utils@^4.0.0", "@nuxt/test-utils@^4.3.2":
  version "4.3.2"
  resolved "https://registry.yarnpkg.com/@nuxt/test-utils/-/test-utils-4.3.2.tgz#11287acec2b0a36277f6a7c7e30b6dbc508cdace"
  integrity sha512-RgBgYN/CyJYWdHzGA8+bznK7bfqpdCUTkA6WGylYuSdt51l6w/jbz/2PyGuGqFkta4H7KQifWNIeFVjW5x66tg==
  dependencies:
    "@clack/prompts" "1.7.0"
    "@nuxt/devtools-kit" "^2.7.0"
    "@nuxt/kit" "^3.21.11"
    c12 "^3.3.4"
    consola "^3.4.2"
    defu "^6.1.7"
    destr "^2.0.5"
    estree-walker "^3.0.3"
    exsolve "^1.1.1"
    fake-indexeddb "^6.2.5"
    get-port-please "^3.2.0"
    h3 "^1.15.11"
    local-pkg "^1.2.1"
    magic-string "^1.2.3"
    node-fetch-native "^1.6.7"
    node-mock-http "^1.0.5"
    nypm "^0.6.9"
    ofetch "^1.5.1"
    pathe "^2.0.3"
    perfect-debounce "^2.1.0"
    radix3 "^1.1.2"
    scule "^1.3.0"
    std-env "^4.2.0"
    tinyexec "^1.3.1"
    ufo "^1.6.4"
    unplugin "^3.3.0"
    vitest-environment-nuxt "2.0.0"
    vue "^3.5.42"

"@playwright/test@^1.63.0":
  version "1.63.0"
  resolved "https://registry.yarnpkg.com/@playwright/test/-/test-1.63.0.tgz#808020c46e8b6b91f9d628cd0ebcbb32bdfd8b6c"
  integrity sha512-oxMK4vllB9RK5NQ2l1pq1IfOf2AvnEuj/vYGDj0H2nMtmtZpKtCwt/l00GEO6xjGfpBNAvjovvYdCm50dRQkpQ==
  dependencies:
    playwright "1.63.0"

"@types/estree@^1.0.0":
  version "1.0.9"
  resolved "https://registry.yarnpkg.com/@types/estree/-/estree-1.0.9.tgz#cf3f0e876d7bee15a93ab925b82bf570a3904a24"
  integrity sha512-GhdPgy1el4/ImP05X05Uw4cw2/M93BCUmnEvWZNStlCzEKME4Fkk+YpoA5OiHNQmoS7Cafb8Xa3Pya8m1Qrzeg==

"@vue/compiler-core@3.5.43":
  version "3.5.43"
  resolved "https://registry.yarnpkg.com/@vue/compiler-core/-/compiler-core-3.5.43.tgz#ff792a8bb20d29fe2a9f013d5735d39c7808c9a5"
  integrity sha512-zdiLhnbe1QQqgDT8xZMpNmyqZ3qlI+/Q/FHQco57Kwl/b05HhCzN6eVGN9QU9rbga4CrS0H5SYY8VGHZCt/1Hg==
  dependencies:
    "@babel/parser" "^7.29.8"
    "@vue/shared" "3.5.43"
    entities "^7.0.1"
    estree-walker "^2.0.2"
    source-map-js "^1.2.1"

"@vue/compiler-dom@3.5.43":
  version "3.5.43"
  resolved "https://registry.yarnpkg.com/@vue/compiler-dom/-/compiler-dom-3.5.43.tgz#1bec85b4c3078544b278524e521311a6202d673f"
  integrity sha512-PEZoAk3NQmsn/ejMzSOCyTYqwGqczrWm70PuhBKjjv1+TCoQAaO/zOqNwjV+honlNstT5ILxtc+8r8UUfj+iEQ==
  dependencies:
    "@vue/compiler-core" "3.5.43"
    "@vue/shared" "3.5.43"

"@vue/compiler-sfc@3.5.43":
  version "3.5.43"
  resolved "https://registry.yarnpkg.com/@vue/compiler-sfc/-/compiler-sfc-3.5.43.tgz#19c097f398abacfee9627646075a919d2f57a6ae"
  integrity sha512-FCbrG3XNCRl+js3huuKx4IVHBLTvMkJhVepjbxSPu1gn4yWLaYtGNQdjJGZaMytXB6qb76qQDDmDSLy/vkmleQ==
  dependencies:
    "@babel/parser" "^7.29.8"
    "@vue/compiler-core" "3.5.43"
    "@vue/compiler-dom" "3.5.43"
    "@vue/compiler-ssr" "3.5.43"
    "@vue/shared" "3.5.43"
    estree-walker "^2.0.2"
    magic-string "^0.30.21"
    postcss "^8.5.28"
    source-map-js "^1.2.1"

"@vue/compiler-ssr@3.5.43":
  version "3.5.43"
  resolved "https://registry.yarnpkg.com/@vue/compiler-ssr/-/compiler-ssr-3.5.43.tgz#aacd1d047545d51d5cb0eca9aa3f490507bf7040"
  integrity sha512-GF62orf7KiJX9RqrHNGrYBudsQGD0OhJ5nDs90O8UiDuS40+YMYomiXu6w6EuvtXuRDc3MSNis3EaaSKAVSWpg==
  dependencies:
    "@vue/compiler-dom" "3.5.43"
    "@vue/shared" "3.5.43"

"@vue/reactivity@3.5.43":
  version "3.5.43"
  resolved "https://registry.yarnpkg.com/@vue/reactivity/-/reactivity-3.5.43.tgz#26441233103e834616959a032d8fabd4524fd089"
  integrity sha512-G/c9GyOZNI2jVaaS6OX1EF1SSFSv7H0ERqNTl4+DTFMlZmB5eVAB53aLQNam/7NL2NPtaDD7RdVrzf8uJzMuOA==
  dependencies:
    "@vue/shared" "3.5.43"

"@vue/runtime-core@3.5.43":
  version "3.5.43"
  resolved "https://registry.yarnpkg.com/@vue/runtime-core/-/runtime-core-3.5.43.tgz#eca01c87c32047d32f3639c1a9206d368abe0c46"
  integrity sha512-hU6U6VnVhBGQDpvlnnDlIB8ZGJBiOcgk2lh/0InltHiz3D8oSkluvuvY+do1G2H3+udeKFsmaBlgVYP7gXQzEw==
  dependencies:
    "@vue/reactivity" "3.5.43"
    "@vue/shared" "3.5.43"

"@vue/runtime-dom@3.5.43":
  version "3.5.43"
  resolved "https://registry.yarnpkg.com/@vue/runtime-dom/-/runtime-dom-3.5.43.tgz#c40a898bd1ce11697741b9a079414a803413028a"
  integrity sha512-Bb2Jc0YjjJdMt1SJmb9b2L/IWd3I8lIT9x9eS/xvvP9CiVgna0ffua74xKRmt4/uSJ+0r4iN8ex1jrqkhQGWQw==
  dependencies:
    "@vue/reactivity" "3.5.43"
    "@vue/runtime-core" "3.5.43"
    "@vue/shared" "3.5.43"
    csstype "^3.2.3"

"@vue/server-renderer@3.5.43":
  version "3.5.43"
  resolved "https://registry.yarnpkg.com/@vue/server-renderer/-/server-renderer-3.5.43.tgz#ae2b84b832821e39c3355705e1c269f5a7d29b3c"
  integrity sha512-l2Ygjv9NehV94PSBxNWsAHC0j/eIIKbn92mBuWXAPGLnn6HfJ6MH5ubsd+Nk0YoZ5FRuxWI1P2VSoh+dbPQhCQ==
  dependencies:
    "@vue/compiler-ssr" "3.5.43"
    "@vue/runtime-dom" "3.5.43"
    "@vue/shared" "3.5.43"

"@vue/shared@3.5.43":
  version "3.5.43"
  resolved "https://registry.yarnpkg.com/@vue/shared/-/shared-3.5.43.tgz#22c11ecf1304bfc6f6b745f3b4ba54c410074338"
  integrity sha512-uksS7YGMR5NZyr4JNq0Rp+QyLns0ueaz20KwzIPW9R0LH1Vnt4E+XUM29PNseEbf1www2gOuhuDi5AKOIXag9Q==

acorn@^8.15.0, acorn@^8.16.0:
  version "8.18.0"
  resolved "https://registry.yarnpkg.com/acorn/-/acorn-8.18.0.tgz#4faf01b2d6d326bfeed97aea1f52220b5f4c1940"
  integrity sha512-lGq+9yr1/GuAWaVYIHRjvvySG5/4VfKIvC8EWxStPdcDh/Ka7FG3twP6v4d5BkravUilhIAsG4Qj83t02LWUPQ==

agent-base@6:
  version "6.0.2"
  resolved "https://registry.yarnpkg.com/agent-base/-/agent-base-6.0.2.tgz#49fff58577cfee3f37176feab4c22e00f86d7f77"
  integrity sha512-RZNwNclF7+MS/8bDg70amg32dyeZGZxiDuQmZxKLAlQjr3jGyLx+4Kkk58UO7D2QdgFIQCovuSuZESne6RG6XQ==
  dependencies:
    debug "4"

asynckit@^0.4.0:
  version "0.4.0"
  resolved "https://registry.yarnpkg.com/asynckit/-/asynckit-0.4.0.tgz#c79ed97f7f34cb8f2ba1bc9790bcc366474b4b79"
  integrity sha512-Oei9OH4tRh0YqU3GxhX79dM/mwVgvbZJaSNaRk+bshkj0S5cfHcgYakreBjrHwatXKbz+IoIdYLxrKim2MjW0Q==

axios@^1.20.0:
  version "1.20.0"
  resolved "https://registry.yarnpkg.com/axios/-/axios-1.20.0.tgz#515513445aa60e71d04b6521ca6210829ccb4786"
  integrity sha512-r8aOh8j9cGKpgQAqpzrUHnSIc6a59Y3Xf/cv8sy1DrHCkZHzQGEuoq1tARk6qSyDdtQGSDgpb9kFlruzPvrgwg==
  dependencies:
    follow-redirects "^1.16.0"
    form-data "^4.0.6"
    https-proxy-agent "^5.0.1"
    proxy-from-env "^2.1.0"

c12@^3.3.4:
  version "3.3.4"
  resolved "https://registry.yarnpkg.com/c12/-/c12-3.3.4.tgz#1253a5faf8b61244884d42459b4a6412571fe9f3"
  integrity sha512-cM0ApFQSBXuourJejzwv/AuPRvAxordTyParRVcHjjtXirtkzM0uK2L9TTn9s0cXZbG7E55jCivRQzoxYmRAlA==
  dependencies:
    chokidar "^5.0.0"
    confbox "^0.2.4"
    defu "^6.1.6"
    dotenv "^17.3.1"
    exsolve "^1.0.8"
    giget "^3.2.0"
    jiti "^2.6.1"
    ohash "^2.0.11"
    pathe "^2.0.3"
    perfect-debounce "^2.1.0"
    pkg-types "^2.3.0"
    rc9 "^3.0.1"

call-bind-apply-helpers@^1.0.1, call-bind-apply-helpers@^1.0.2:
  version "1.0.2"
  resolved "https://registry.yarnpkg.com/call-bind-apply-helpers/-/call-bind-apply-helpers-1.0.2.tgz#4b5428c222be985d79c3d82657479dbe0b59b2d6"
  integrity sha512-Sp1ablJ0ivDkSzjcaJdxEunN5/XvksFJ2sMBFfq6x0ryhQV/2b/KwFe21cMpmHtPOSij8K99/wSfoEuTObmuMQ==
  dependencies:
    es-errors "^1.3.0"
    function-bind "^1.1.2"

chokidar@^5.0.0:
  version "5.0.0"
  resolved "https://registry.yarnpkg.com/chokidar/-/chokidar-5.0.0.tgz#949c126a9238a80792be9a0265934f098af369a5"
  integrity sha512-TQMmc3w+5AxjpL8iIiwebF73dRDF4fBIieAqGn9RGCWaEVwQ6Fb2cGe31Yns0RRIzii5goJ1Y7xbMwo1TxMplw==
  dependencies:
    readdirp "^5.0.0"

citty@^0.1.6:
  version "0.1.6"
  resolved "https://registry.yarnpkg.com/citty/-/citty-0.1.6.tgz#0f7904da1ed4625e1a9ea7e0fa780981aab7c5e4"
  integrity sha512-tskPPKEs8D2KPafUypv2gxwJP8h/OaJmC82QQGGDQcHvXX43xF2VDACcJVmZ0EuSxkpO9Kc4MlrA3q0+FG58AQ==
  dependencies:
    consola "^3.2.3"

citty@^0.2.2:
  version "0.2.2"
  resolved "https://registry.yarnpkg.com/citty/-/citty-0.2.2.tgz#92d3f7d13868a730ab06c420bb10bded06cf259f"
  integrity sha512-+6vJA3L98yv+IdfKGZHBNiGW5KHn22e/JwID0Strsz8h4S/csAu/OuICwxrg44k5MRiZHWIo8XXuJgQTriRP4w==

combined-stream@^1.0.8:
  version "1.0.8"
  resolved "https://registry.yarnpkg.com/combined-stream/-/combined-stream-1.0.8.tgz#c3d45a8b34fd730631a110a8a2520682b31d5a7f"
  integrity sha512-FQN4MRfuJeHf7cBbBMJFXhKSDq+2kAArBlmRBvcvFE5BB1HZKXtSFASDhdlz9zOYwxh8lDdnvmMOe/+5cdoEdg==
  dependencies:
    delayed-stream "~1.0.0"

confbox@^0.1.8:
  version "0.1.8"
  resolved "https://registry.yarnpkg.com/confbox/-/confbox-0.1.8.tgz#820d73d3b3c82d9bd910652c5d4d599ef8ff8b06"
  integrity sha512-RMtmw0iFkeR4YV+fUOSucriAQNb9g8zFR52MWCtl+cCZOFRNL6zeB395vPzFhEjjn4fMxXudmELnl/KF/WrK6w==

confbox@^0.2.4:
  version "0.2.4"
  resolved "https://registry.yarnpkg.com/confbox/-/confbox-0.2.4.tgz#592e7be71f882a4a874e3c88f0ac1ef6f7da1ce5"
  integrity sha512-ysOGlgTFbN2/Y6Cg3Iye8YKulHw+R2fNXHrgSmXISQdMnomY6eNDprVdW9R5xBguEqI954+S6709UyiO7B+6OQ==

confbox@^0.3.1:
  version "0.3.1"
  resolved "https://registry.yarnpkg.com/confbox/-/confbox-0.3.1.tgz#79aa91893791a202fb349fb367e7320423f7c76e"
  integrity sha512-cKUSoKa8YxFZZSmraVi7onONx3amu77ngK3kGpsYHDH7drPwCRkQE1RYMPlLRrMtnciRj274XNRxcHxnKmDSnA==

consola@^3.2.3, consola@^3.4.2:
  version "3.4.2"
  resolved "https://registry.yarnpkg.com/consola/-/consola-3.4.2.tgz#5af110145397bb67afdab77013fdc34cae590ea7"
  integrity sha512-5IKcdX0nnYavi6G7TtOhwkYzyjfJlatbjMjuLSfE2kYT5pMDOilZ4OvMhi637CcDICTmz3wARPoyhqyX1Y+XvA==

cookie-es@^1.2.3:
  version "1.2.3"
  resolved "https://registry.yarnpkg.com/cookie-es/-/cookie-es-1.2.3.tgz#06ca3c5f5f3531684a2059666a361173f74a89c8"
  integrity sha512-lXVyvUvrNXblMqzIRrxHb57UUVmqsSWlxqt3XIjCkUP0wDAf6uicO6KMbEgYrMNtEvWgWHwe42CKxPu9MYAnWw==

cross-spawn@^7.0.3:
  version "7.0.6"
  resolved "https://registry.yarnpkg.com/cross-spawn/-/cross-spawn-7.0.6.tgz#8a58fe78f00dcd70c370451759dfbfaf03e8ee9f"
  integrity sha512-uV2QOWP2nWzsy2aMp8aRibhi9dlzF5Hgh5SHaB9OiTGEyDTiJJyx0uy51QXdyWbtAHNua4XJzUKca3OzKUd3vA==
  dependencies:
    path-key "^3.1.0"
    shebang-command "^2.0.0"
    which "^2.0.1"

crossws@^0.3.5:
  version "0.3.5"
  resolved "https://registry.yarnpkg.com/crossws/-/crossws-0.3.5.tgz#daad331d44148ea6500098bc858869f3a5ab81a6"
  integrity sha512-ojKiDvcmByhwa8YYqbQI/hg7MEU0NC03+pSdEq4ZUnZR9xXpwk7E43SMNGkn+JxJGPFtNvQ48+vV2p+P1ml5PA==
  dependencies:
    uncrypto "^0.1.3"

csstype@^3.2.3:
  version "3.2.3"
  resolved "https://registry.yarnpkg.com/csstype/-/csstype-3.2.3.tgz#ec48c0f3e993e50648c86da559e2610995cf989a"
  integrity sha512-z1HGKcYy2xA8AGQfwrn0PAy+PB7X/GSj3UVJW9qKyn43xWa+gl5nXmU4qqLMRzWVLFC8KusUX8T/0kCiOYpAIQ==

debug@4:
  version "4.4.3"
  resolved "https://registry.yarnpkg.com/debug/-/debug-4.4.3.tgz#c6ae432d9bd9662582fce08709b038c58e9e3d6a"
  integrity sha512-RGwwWnwQvkVfavKVt22FGLw+xYSdzARwm0ru6DhTVA3umU5hZc28V3kO4stgYryrTlLpuvgI9GiijltAjNbcqA==
  dependencies:
    ms "^2.1.3"

defu@^6.1.4, defu@^6.1.5, defu@^6.1.6, defu@^6.1.7:
  version "6.1.7"
  resolved "https://registry.yarnpkg.com/defu/-/defu-6.1.7.tgz#72543567c8e9f97ff13ce402b6dbe09ac5ae4d23"
  integrity sha512-7z22QmUWiQ/2d0KkdYmANbRUVABpZ9SNYyH5vx6PZ+nE5bcC0l7uFvEfHlyld/HcGBFTL536ClDt3DEcSlEJAQ==

delayed-stream@~1.0.0:
  version "1.0.0"
  resolved "https://registry.yarnpkg.com/delayed-stream/-/delayed-stream-1.0.0.tgz#df3ae199acadfb7d440aaae0b29e2272b24ec619"
  integrity sha512-ZySD7Nf91aLB0RxL4KGrKHBXl7Eds1DAmEdcoVawXnLD7SDhpNgtuII2aAkg7a7QS41jxPSZ17p4VdGnMHk3MQ==

destr@^2.0.5:
  version "2.0.5"
  resolved "https://registry.yarnpkg.com/destr/-/destr-2.0.5.tgz#7d112ff1b925fb8d2079fac5bdb4a90973b51fdb"
  integrity sha512-ugFTXCtDZunbzasqBxrK93Ik/DRYsO6S/fedkWEMKqt04xZ4csmnmwGDBAb07QWNaGMAmnTIemsYZCksjATwsA==

dotenv@^17.3.1:
  version "17.4.2"
  resolved "https://registry.yarnpkg.com/dotenv/-/dotenv-17.4.2.tgz#c07e54a746e11eba021dd9e1047ced5afdc1c034"
  integrity sha512-nI4U3TottKAcAD9LLud4Cb7b2QztQMUEfHbvhTH09bqXTxnSie8WnjPALV/WMCrJZ6UV/qHJ6L03OqO3LcdYZw==

dotenv@^18.0.2:
  version "18.0.2"
  resolved "https://registry.yarnpkg.com/dotenv/-/dotenv-18.0.2.tgz#857b2b3cda75347044daf2f5aa9adf6575f6bbab"
  integrity sha512-wl0U3CxC0iobaryqEKpFJxzyp4AxQFYAKj/WWszXZr87vVHLi2yJv2syax5Vxt+u02xqNgE277rsc3lOKg9sPg==

dunder-proto@^1.0.1:
  version "1.0.1"
  resolved "https://registry.yarnpkg.com/dunder-proto/-/dunder-proto-1.0.1.tgz#d7ae667e1dc83482f8b70fd0f6eefc50da30f58a"
  integrity sha512-KIN/nDJBQRcXw0MLVhZE9iQHmG68qAVIBg9CqmUYjmQIhgij9U5MFvrqkUL5FbtyyzZuOeOt0zdeRe4UY7ct+A==
  dependencies:
    call-bind-apply-helpers "^1.0.1"
    es-errors "^1.3.0"
    gopd "^1.2.0"

entities@^7.0.1:
  version "7.0.1"
  resolved "https://registry.yarnpkg.com/entities/-/entities-7.0.1.tgz#26e8a88889db63417dcb9a1e79a3f1bc92b5976b"
  integrity sha512-TWrgLOFUQTH994YUyl1yT4uyavY5nNB5muff+RtWaqNVCAK408b5ZnnbNAUEWLTCpum9w6arT70i1XdQ4UeOPA==

errx@^0.1.2:
  version "0.1.2"
  resolved "https://registry.yarnpkg.com/errx/-/errx-0.1.2.tgz#cd870178afe9072700d8486af4eb3c358892f40c"
  integrity sha512-chfpPHmCerdo/rXr/nNvPZRkV4WwDRwzwnsJ0Uzz3tVi8Z41tDctRjduYy1138ii77AFlts1qvWtX3g/Acg91Q==

es-define-property@^1.0.1:
  version "1.0.1"
  resolved "https://registry.yarnpkg.com/es-define-property/-/es-define-property-1.0.1.tgz#983eb2f9a6724e9303f61addf011c72e09e0b0fa"
  integrity sha512-e3nRfgfUZ4rNGL232gUgX06QNyyez04KdjFrF+LTRoOXmrOgFKDg4BCdsjW8EnT69eqdYGmRpJwiPVYNrCaW3g==

es-errors@^1.3.0:
  version "1.3.0"
  resolved "https://registry.yarnpkg.com/es-errors/-/es-errors-1.3.0.tgz#05f75a25dab98e4fb1dcd5e1472c0546d5057c8f"
  integrity sha512-Zf5H2Kxt2xjTvbJvP2ZWLEICxA6j+hAmMzIlypy4xcBg1vKVnx89Wy0GbS+kf5cwCVFFzdCFh2XSCFNULS6csw==

es-object-atoms@^1.0.0, es-object-atoms@^1.1.1:
  version "1.1.2"
  resolved "https://registry.yarnpkg.com/es-object-atoms/-/es-object-atoms-1.1.2.tgz#a2d0b373205724dfa525d23b0c3e1b1ca582c99b"
  integrity sha512-HWcBoN6NileqtSydK2FqHbS/LoDd2pqrnQHLyJzBj4kOp/ky2MWMN694xOfkK8/SnUsW2DH7EfyVlydKCsm1Zw==
  dependencies:
    es-errors "^1.3.0"

es-set-tostringtag@^2.1.0:
  version "2.1.0"
  resolved "https://registry.yarnpkg.com/es-set-tostringtag/-/es-set-tostringtag-2.1.0.tgz#f31dbbe0c183b00a6d26eb6325c810c0fd18bd4d"
  integrity sha512-j6vWzfrGVfyXxge+O0x5sh6cvxAog0a/4Rdd2K36zCMV5eJ+/+tOAngRO8cODMNWbVRdVlmGZQL2YS3yR8bIUA==
  dependencies:
    es-errors "^1.3.0"
    get-intrinsic "^1.2.6"
    has-tostringtag "^1.0.2"
    hasown "^2.0.2"

estree-walker@^2.0.2:
  version "2.0.2"
  resolved "https://registry.yarnpkg.com/estree-walker/-/estree-walker-2.0.2.tgz#52f010178c2a4c117a7757cfe942adb7d2da4cac"
  integrity sha512-Rfkk/Mp/DL7JVje3u18FxFujQlTNR2q6QfMSMB7AvCBx91NGj/ba3kCfza0f6dVDbw7YlRf/nDrn7pQrCCyQ/w==

estree-walker@^3.0.3:
  version "3.0.3"
  resolved "https://registry.yarnpkg.com/estree-walker/-/estree-walker-3.0.3.tgz#67c3e549ec402a487b4fc193d1953a524752340d"
  integrity sha512-7RUKfXgSMMkzt6ZuXmqapOurLGPPfgj6l9uRZ7lRGolvk0y2yocc35LdcxKC5PQZdn2DMqioAQ2NoWcrTKmm6g==
  dependencies:
    "@types/estree" "^1.0.0"

execa@^8.0.1:
  version "8.0.1"
  resolved "https://registry.yarnpkg.com/execa/-/execa-8.0.1.tgz#51f6a5943b580f963c3ca9c6321796db8cc39b8c"
  integrity sha512-VyhnebXciFV2DESc+p6B+y0LjSm0krU4OgJN44qFAhBY0TJ+1V61tYD2+wHusZ6F9n5K+vl8k0sTy7PEfV4qpg==
  dependencies:
    cross-spawn "^7.0.3"
    get-stream "^8.0.1"
    human-signals "^5.0.0"
    is-stream "^3.0.0"
    merge-stream "^2.0.0"
    npm-run-path "^5.1.0"
    onetime "^6.0.0"
    signal-exit "^4.1.0"
    strip-final-newline "^3.0.0"

exsolve@^1.0.8, exsolve@^1.1.1:
  version "1.1.1"
  resolved "https://registry.yarnpkg.com/exsolve/-/exsolve-1.1.1.tgz#c055418255459b6ecde4e59de0060a3e97bc7572"
  integrity sha512-9U/jZUgjnSGyntRr6y5Muu1MJcwFl6kPu7k8qLF0IMNfLqvw0NZ4nnVDq0RVoZ0RvCyumib4Ez3KYrVfilrw+g==

fake-indexeddb@^6.2.5:
  version "6.2.5"
  resolved "https://registry.yarnpkg.com/fake-indexeddb/-/fake-indexeddb-6.2.5.tgz#74285b6821467d6c102af092f0a4517ad5521613"
  integrity sha512-CGnyrvbhPlWYMngksqrSSUT1BAVP49dZocrHuK0SvtR0D5TMs5wP0o3j7jexDJW01KSadjBp1M/71o/KR3nD1w==

fast-string-truncated-width@^3.0.2:
  version "3.0.3"
  resolved "https://registry.yarnpkg.com/fast-string-truncated-width/-/fast-string-truncated-width-3.0.3.tgz#23afe0da67d752ca0727538f1e6967759728ce49"
  integrity sha512-0jjjIEL6+0jag3l2XWWizO64/aZVtpiGE3t0Zgqxv0DPuxiMjvB3M24fCyhZUO4KomJQPj3LTSUnDP3GpdwC0g==

fast-string-width@^3.0.2:
  version "3.0.2"
  resolved "https://registry.yarnpkg.com/fast-string-width/-/fast-string-width-3.0.2.tgz#16dbabb491ce5585b5ecb675b65c165d71688eeb"
  integrity sha512-gX8LrtNEI5hq8DVUfRQMbr5lpaS4nMIWV+7XEbXk2b8kiQIizgnlr12B4dA3ZEx3308ze0O4Q1R+cHts8kyUJg==
  dependencies:
    fast-string-truncated-width "^3.0.2"

fast-wrap-ansi@^0.2.0:
  version "0.2.2"
  resolved "https://registry.yarnpkg.com/fast-wrap-ansi/-/fast-wrap-ansi-0.2.2.tgz#95e952a0145bce3f59ad56e179f84c48d4072935"
  integrity sha512-7F2Fl+TjRSenLqlU3UjSH0iyqopqoZIu7eZVpEirP2g1GtWa2G/ecEmBdgz31+Mxr+ELclgg6sokpSFIQiZ02Q==
  dependencies:
    fast-string-width "^3.0.2"

fdir@^6.5.0:
  version "6.5.0"
  resolved "https://registry.yarnpkg.com/fdir/-/fdir-6.5.0.tgz#ed2ab967a331ade62f18d077dae192684d50d350"
  integrity sha512-tIbYtZbucOs0BRGqPJkshJUYdL+SDH7dVM8gjy+ERp3WAUjLEFJE+02kanyHtwjWOnwrKYBiwAmM0p4kLJAnXg==

follow-redirects@^1.16.0:
  version "1.16.0"
  resolved "https://registry.yarnpkg.com/follow-redirects/-/follow-redirects-1.16.0.tgz#28474a159d3b9d11ef62050a14ed60e4df6d61bc"
  integrity sha512-y5rN/uOsadFT/JfYwhxRS5R7Qce+g3zG97+JrtFZlC9klX/W5hD7iiLzScI4nZqUS7DNUdhPgw4xI8W2LuXlUw==

form-data@^4.0.6:
  version "4.0.6"
  resolved "https://registry.yarnpkg.com/form-data/-/form-data-4.0.6.tgz#28e864e1b786dbebb68db1f452f9635278665827"
  integrity sha512-vKatAh4SlVfgbv+YtmhiRjhEMJsYpsG1Y2rMQtR+SVSbytsSD1YGzDIcrAJmdFec88u/+VoGmxnl+80gL1tRCQ==
  dependencies:
    asynckit "^0.4.0"
    combined-stream "^1.0.8"
    es-set-tostringtag "^2.1.0"
    hasown "^2.0.4"
    mime-types "^2.1.35"

function-bind@^1.1.2:
  version "1.1.2"
  resolved "https://registry.yarnpkg.com/function-bind/-/function-bind-1.1.2.tgz#2c02d864d97f3ea6c8830c464cbd11ab6eab7a1c"
  integrity sha512-7XHNxH7qX9xG5mIwxkhumTox/MIRNcOgDrxWsMt2pAr23WHp6MrRlN7FBSFpCpr+oVO0F744iUgR82nJMfG2SA==

get-intrinsic@^1.2.6:
  version "1.3.0"
  resolved "https://registry.yarnpkg.com/get-intrinsic/-/get-intrinsic-1.3.0.tgz#743f0e3b6964a93a5491ed1bffaae054d7f98d01"
  integrity sha512-9fSjSaos/fRIVIp+xSJlE6lfwhES7LNtKaCBIamHsjr2na1BiABJPo0mOjjz8GJDURarmCPGqaiVg5mfjb98CQ==
  dependencies:
    call-bind-apply-helpers "^1.0.2"
    es-define-property "^1.0.1"
    es-errors "^1.3.0"
    es-object-atoms "^1.1.1"
    function-bind "^1.1.2"
    get-proto "^1.0.1"
    gopd "^1.2.0"
    has-symbols "^1.1.0"
    hasown "^2.0.2"
    math-intrinsics "^1.1.0"

get-port-please@^3.2.0:
  version "3.2.0"
  resolved "https://registry.yarnpkg.com/get-port-please/-/get-port-please-3.2.0.tgz#0ce3cee194c448ac640ec39dc357a500f5d7d2bb"
  integrity sha512-I9QVvBw5U/hw3RmWpYKRumUeaDgxTPd401x364rLmWBJcOQ753eov1eTgzDqRG9bqFIfDc7gfzcQEWrUri3o1A==

get-proto@^1.0.1:
  version "1.0.1"
  resolved "https://registry.yarnpkg.com/get-proto/-/get-proto-1.0.1.tgz#150b3f2743869ef3e851ec0c49d15b1d14d00ee1"
  integrity sha512-sTSfBjoXBp89JvIKIefqw7U2CCebsc74kiY6awiGogKtoSGbgjYE/G/+l9sF3MWFPNc9IcoOC4ODfKHfxFmp0g==
  dependencies:
    dunder-proto "^1.0.1"
    es-object-atoms "^1.0.0"

get-stream@^8.0.1:
  version "8.0.1"
  resolved "https://registry.yarnpkg.com/get-stream/-/get-stream-8.0.1.tgz#def9dfd71742cd7754a7761ed43749a27d02eca2"
  integrity sha512-VaUJspBffn/LMCJVoMvSAdmscJyS1auj5Zulnn5UoYcY531UWmdwhRWkcGKnGU93m5HSXP9LP2usOryrBtQowA==

giget@^3.2.0:
  version "3.3.1"
  resolved "https://registry.yarnpkg.com/giget/-/giget-3.3.1.tgz#4a4e610cd112e5dc478c6035986fdc19c76dad73"
  integrity sha512-r+mvuDjrjMpsdw46Kmeydb8bdHm7wOKw8wNBtTndkjbPjgAp5oUJUxRE76wZFknxIPokfWvep2qSXK37aXE6zg==

gopd@^1.2.0:
  version "1.2.0"
  resolved "https://registry.yarnpkg.com/gopd/-/gopd-1.2.0.tgz#89f56b8217bdbc8802bd299df6d7f1081d7e51a1"
  integrity sha512-ZUKRh6/kUFoAiTAtTYPZJ3hw9wNxx+BIBOijnlG9PnrJsCcSjs1wyyD6vJpaYtgnzDrKYRSqf3OO6Rfa93xsRg==

h3@^1.15.11:
  version "1.15.11"
  resolved "https://registry.yarnpkg.com/h3/-/h3-1.15.11.tgz#831179fc6b4bc06de8ad1077e7a5c7d63b796577"
  integrity sha512-L3THSe2MPeBwgIZVSH5zLdBBU90TOxarvhK9d04IDY2AmVS8j2Jz2LIWtwsGOU3lu2I5jCN7FNvVfY2+XyF+mg==
  dependencies:
    cookie-es "^1.2.3"
    crossws "^0.3.5"
    defu "^6.1.6"
    destr "^2.0.5"
    iron-webcrypto "^1.2.1"
    node-mock-http "^1.0.4"
    radix3 "^1.1.2"
    ufo "^1.6.3"
    uncrypto "^0.1.3"

has-symbols@^1.0.3, has-symbols@^1.1.0:
  version "1.1.0"
  resolved "https://registry.yarnpkg.com/has-symbols/-/has-symbols-1.1.0.tgz#fc9c6a783a084951d0b971fe1018de813707a338"
  integrity sha512-1cDNdwJ2Jaohmb3sg4OmKaMBwuC48sYni5HUw2DvsC8LjGTLK9h+eb1X6RyuOHe4hT0ULCW68iomhjUoKUqlPQ==

has-tostringtag@^1.0.2:
  version "1.0.2"
  resolved "https://registry.yarnpkg.com/has-tostringtag/-/has-tostringtag-1.0.2.tgz#2cdc42d40bef2e5b4eeab7c01a73c54ce7ab5abc"
  integrity sha512-NqADB8VjPFLM2V0VvHUewwwsw0ZWBaIdgo+ieHtK3hasLz4qeCRjYcqfB6AQrBggRKppKF8L52/VqdVsO47Dlw==
  dependencies:
    has-symbols "^1.0.3"

hasown@^2.0.2, hasown@^2.0.4:
  version "2.0.4"
  resolved "https://registry.yarnpkg.com/hasown/-/hasown-2.0.4.tgz#8c62d8cb90beb2aad5d0a5b67581ad9854c3f003"
  integrity sha512-T2UbfbBEF32wiepXIsMlTW9+dDYC6wMh/t/vYA4tuOMKqWz/n3vr1NFSxQiyP+zk2mXsoMA/i/7qV6LKut1t1A==
  dependencies:
    function-bind "^1.1.2"

https-proxy-agent@^5.0.1:
  version "5.0.1"
  resolved "https://registry.yarnpkg.com/https-proxy-agent/-/https-proxy-agent-5.0.1.tgz#c59ef224a04fe8b754f3db0063a25ea30d0005d6"
  integrity sha512-dFcAjpTQFgoLMzC2VwU+C/CbS7uRL0lWmxDITmqm7C+7F0Odmj6s9l6alZc6AELXhrnggM2CeWSXHGOdX2YtwA==
  dependencies:
    agent-base "6"
    debug "4"

human-signals@^5.0.0:
  version "5.0.0"
  resolved "https://registry.yarnpkg.com/human-signals/-/human-signals-5.0.0.tgz#42665a284f9ae0dade3ba41ebc37eb4b852f3a28"
  integrity sha512-AXcZb6vzzrFAUE61HnN4mpLqd/cSIwNQjtNWR0euPm6y0iqx3G4gOXaIDdtdDwZmhwe82LA6+zinmW4UBWVePQ==

ignore@^7.0.6:
  version "7.0.9"
  resolved "https://registry.yarnpkg.com/ignore/-/ignore-7.0.9.tgz#475b2197ade916edab05ade35c691518e8543382"
  integrity sha512-brTTsvFRt5C1gGHtPst/281UjPD5t9fBqbgoMPlVWy11ZLTPfu7HxK4ZYqO9H7o/yC9rSTCI85EaQ4OoY12qYw==

iron-webcrypto@^1.2.1:
  version "1.2.1"
  resolved "https://registry.yarnpkg.com/iron-webcrypto/-/iron-webcrypto-1.2.1.tgz#aa60ff2aa10550630f4c0b11fd2442becdb35a6f"
  integrity sha512-feOM6FaSr6rEABp/eDfVseKyTMDt+KGpeB35SkVn9Tyn0CqvVsY3EwI0v5i8nMHyJnzCIQf7nsy3p41TPkJZhg==

is-stream@^3.0.0:
  version "3.0.0"
  resolved "https://registry.yarnpkg.com/is-stream/-/is-stream-3.0.0.tgz#e6bfd7aa6bef69f4f472ce9bb681e3e57b4319ac"
  integrity sha512-LnQR4bZ9IADDRSkvpqMGvt/tEJWclzklNgSw48V5EAaAeDd6qGvN8ei6k5p0tvxSR171VmGyHuTiAOfxAbr8kA==

isexe@^2.0.0:
  version "2.0.0"
  resolved "https://registry.yarnpkg.com/isexe/-/isexe-2.0.0.tgz#e8fbf374dc556ff8947a10dcb0572d633f2cfa10"
  integrity sha512-RHxMLp9lnKHGHRng9QFhRCMbYAcVpn69smSGcq3f36xjgVVWThj4qqLbTLlq7Ssj8B+fIQ1EuCEGI2lKsyQeIw==

jiti@^2.4.2, jiti@^2.6.1, jiti@^2.7.0:
  version "2.7.0"
  resolved "https://registry.yarnpkg.com/jiti/-/jiti-2.7.0.tgz#974228f2f4ca2bc21885a1797b45fea68e950c64"
  integrity sha512-AC/7JofJvZGrrneWNaEnJeOLUx+JlGt7tNa0wZiRPT4MY1wmfKjt2+6O2p2uz2+skll8OZZmJMNqeke7kKbNgQ==

klona@^2.0.6:
  version "2.0.6"
  resolved "https://registry.yarnpkg.com/klona/-/klona-2.0.6.tgz#85bffbf819c03b2f53270412420a4555ef882e22"
  integrity sha512-dhG34DXATL5hSxJbIexCft8FChFXtmskoZYnoPWjXQuebWYCNkVeV3KkGegCK9CP1oswI/vQibS2GY7Em/sJJA==

knitwork@^1.2.0, knitwork@^1.3.0:
  version "1.3.0"
  resolved "https://registry.yarnpkg.com/knitwork/-/knitwork-1.3.0.tgz#4a0d0b0d45378cac909ee1117481392522bd08a4"
  integrity sha512-4LqMNoONzR43B1W0ek0fhXMsDNW/zxa1NdFAVMY+k28pgZLovR4G3PB5MrpTxCy1QaZCqNoiaKPr5w5qZHfSNw==

local-pkg@^1.2.1:
  version "1.2.1"
  resolved "https://registry.yarnpkg.com/local-pkg/-/local-pkg-1.2.1.tgz#9628389399851d78f3b50c9236eddb02f0c31b2b"
  integrity sha512-++gUqRDEvcnN6Zhqrr+y/CkVEHhlrR96vZn3nZZPYzMcBUyBtTKzB9NadClFIsIVSsu+3i9tfk/erqy9kAmt7Q==
  dependencies:
    mlly "^1.7.4"
    pkg-types "^2.3.0"
    quansync "^0.2.11"

magic-string@^0.30.21:
  version "0.30.21"
  resolved "https://registry.yarnpkg.com/magic-string/-/magic-string-0.30.21.tgz#56763ec09a0fa8091df27879fd94d19078c00d91"
  integrity sha512-vd2F4YUyEXKGcLHoq+TEyCjxueSeHnFxyyjNp80yg0XV4vUhnDer/lvvlqM/arB5bXQN5K2/3oinyCRyx8T2CQ==
  dependencies:
    "@jridgewell/sourcemap-codec" "^1.5.5"

magic-string@^1.2.3:
  version "1.4.1"
  resolved "https://registry.yarnpkg.com/magic-string/-/magic-string-1.4.1.tgz#d0f91b82cd286a8a8de14f4254ccbf1d7e07f55e"
  integrity sha512-8lyCu36ErXR0J9uaGKlKQoiLZKmtI63YGLE8G2o9jyRPdr4X47LusSOwgOJOzcVtp81fTAAjxR7BwKz682Jhow==
  dependencies:
    "@jridgewell/sourcemap-codec" "^1.6.0"

math-intrinsics@^1.1.0:
  version "1.1.0"
  resolved "https://registry.yarnpkg.com/math-intrinsics/-/math-intrinsics-1.1.0.tgz#a0dd74be81e2aa5c2f27e65ce283605ee4e2b7f9"
  integrity sha512-/IXtbwEk5HTPyEwyKX6hGkYXxM9nbj64B+ilVJnC/R6B0pH5G4V3b0pVbL7DBj4tkhBAppbQUlf6F6Xl9LHu1g==

merge-stream@^2.0.0:
  version "2.0.0"
  resolved "https://registry.yarnpkg.com/merge-stream/-/merge-stream-2.0.0.tgz#52823629a14dd00c9770fb6ad47dc6310f2c1f60"
  integrity sha512-abv/qOcuPfk3URPfDzmZU1LKmuw8kT+0nIHvKrKgFrwifol/doWcdA4ZqsWQ8ENrFKkd67Mfpo/LovbIUsbt3w==

mime-db@1.52.0:
  version "1.52.0"
  resolved "https://registry.yarnpkg.com/mime-db/-/mime-db-1.52.0.tgz#bbabcdc02859f4987301c856e3387ce5ec43bf70"
  integrity sha512-sPU4uV7dYlvtWJxwwxHD0PuihVNiE7TyAbQ5SWxDCB9mUYvOgroQOwYQQOKPJ8CIbE+1ETVlOoK1UC2nU3gYvg==

mime-types@^2.1.35:
  version "2.1.35"
  resolved "https://registry.yarnpkg.com/mime-types/-/mime-types-2.1.35.tgz#381a871b62a734450660ae3deee44813f70d959a"
  integrity sha512-ZDY+bPm5zTTF+YpCrAU9nK0UgICYPT0QtT1NZWFv4s++TNkcgVaT0g6+4R2uI4MjQjzysHB1zxuWL50hzaeXiw==
  dependencies:
    mime-db "1.52.0"

mimic-fn@^4.0.0:
  version "4.0.0"
  resolved "https://registry.yarnpkg.com/mimic-fn/-/mimic-fn-4.0.0.tgz#60a90550d5cb0b239cca65d893b1a53b29871ecc"
  integrity sha512-vqiC06CuhBTUdZH+RYl8sFrL096vA45Ok5ISO6sE/Mr1jRbGH4Csnhi8f3wKVl7x8mO4Au7Ir9D3Oyv1VYMFJw==

mlly@^1.7.4, mlly@^1.8.2:
  version "1.8.2"
  resolved "https://registry.yarnpkg.com/mlly/-/mlly-1.8.2.tgz#e7f7919a82d13b174405613117249a3f449d78bb"
  integrity sha512-d+ObxMQFmbt10sretNDytwt85VrbkhhUA/JBGm1MPaWJ65Cl4wOgLaB1NYvJSZ0Ef03MMEU/0xpPMXUIQ29UfA==
  dependencies:
    acorn "^8.16.0"
    pathe "^2.0.3"
    pkg-types "^1.3.1"
    ufo "^1.6.3"

ms@^2.1.3:
  version "2.1.3"
  resolved "https://registry.yarnpkg.com/ms/-/ms-2.1.3.tgz#574c8138ce1d2b5861f0b44579dbadd60c6615b2"
  integrity sha512-6FlzubTLZG3J2a/NVCAleEhjzq5oxgHyaCU9yYXvcLsvoVaHJq/s5xXI6/XXP6tz7R9xAOtHnSO/tXtF3WRTlA==

nanoid@^3.3.18:
  version "3.3.19"
  resolved "https://registry.yarnpkg.com/nanoid/-/nanoid-3.3.19.tgz#336d4aa4bcd4fb24d2cddede7ffeae40bec03f0a"
  integrity sha512-Y2tUNy4ouw6tq5oDSKeQYGOyhkUBhNOcGV/02KC+6kd9eDGqdZd++mjMiIDilrBYvjEnCYvVtsuHCuP+okSfug==

node-fetch-native@^1.6.7:
  version "1.6.7"
  resolved "https://registry.yarnpkg.com/node-fetch-native/-/node-fetch-native-1.6.7.tgz#9d09ca63066cc48423211ed4caf5d70075d76a71"
  integrity sha512-g9yhqoedzIUm0nTnTqAQvueMPVOuIY16bqgAJJC8XOOubYFNwz6IER9qs0Gq2Xd0+CecCKFjtdDTMA4u4xG06Q==

node-mock-http@^1.0.4, node-mock-http@^1.0.5:
  version "1.0.5"
  resolved "https://registry.yarnpkg.com/node-mock-http/-/node-mock-http-1.0.5.tgz#497bc2f3dd208e6e3f7c06cbb4a3425f899fe818"
  integrity sha512-KQyt/wLjG3TAc7DOUhpqWzgd4ERxR80JOlTK5VE5R1S12IaPVN5qkj4klBce9HPG1Njuup4Sb5bljaT34lIyjw==

npm-run-path@^5.1.0:
  version "5.3.0"
  resolved "https://registry.yarnpkg.com/npm-run-path/-/npm-run-path-5.3.0.tgz#e23353d0ebb9317f174e93417e4a4d82d0249e9f"
  integrity sha512-ppwTtiJZq0O/ai0z7yfudtBpWIoxM8yE6nHi1X47eFR2EWORqfbu6CnPlNsjeN683eT0qG6H/Pyf9fCcvjnnnQ==
  dependencies:
    path-key "^4.0.0"

nypm@^0.6.9:
  version "0.6.10"
  resolved "https://registry.yarnpkg.com/nypm/-/nypm-0.6.10.tgz#1e2f6881980b62c421c4796c94262793c273d38e"
  integrity sha512-W72Hrj1petq+b3Hk2aAC+9zswetlIFTnDW4s5djseZh2nYqBbyQLOtj472HwcbcWykPBUW1WpWpjOd4nK6gMRw==
  dependencies:
    citty "^0.2.2"
    pathe "^2.0.3"
    tinyexec "^1.3.1"

ofetch@^1.5.1:
  version "1.5.1"
  resolved "https://registry.yarnpkg.com/ofetch/-/ofetch-1.5.1.tgz#5c43cc56e03398b273014957060344254505c5c7"
  integrity sha512-2W4oUZlVaqAPAil6FUg/difl6YhqhUR7x2eZY4bQCko22UXg3hptq9KLQdqFClV+Wu85UX7hNtdGTngi/1BxcA==
  dependencies:
    destr "^2.0.5"
    node-fetch-native "^1.6.7"
    ufo "^1.6.1"

ohash@^2.0.11:
  version "2.0.12"
  resolved "https://registry.yarnpkg.com/ohash/-/ohash-2.0.12.tgz#cb97c19888ff31e7b22214cd7924187fc97ef05c"
  integrity sha512-65S/5gk9YSsaRjcyf7Nfa6h/d3E8/1gslpXfI4W7Dxn/oap8IKRuNT5VXkLQ1YFKIEg4apRY4Pj6aiwFzrDdmw==

onetime@^6.0.0:
  version "6.0.0"
  resolved "https://registry.yarnpkg.com/onetime/-/onetime-6.0.0.tgz#7c24c18ed1fd2e9bca4bd26806a33613c77d34b4"
  integrity sha512-1FlR+gjXK7X+AsAHso35MnyN5KqGwJRi/31ft6x0M194ht7S+rWAvd7PHss9xSKMzE0asv1pyIHaJYq+BbacAQ==
  dependencies:
    mimic-fn "^4.0.0"

path-key@^3.1.0:
  version "3.1.1"
  resolved "https://registry.yarnpkg.com/path-key/-/path-key-3.1.1.tgz#581f6ade658cbba65a0d3380de7753295054f375"
  integrity sha512-ojmeN0qd+y0jszEtoY48r0Peq5dwMEkIlCOu6Q5f41lfkswXuKtYrhgoTpLnyIcHm24Uhqx+5Tqm2InSwLhE6Q==

path-key@^4.0.0:
  version "4.0.0"
  resolved "https://registry.yarnpkg.com/path-key/-/path-key-4.0.0.tgz#295588dc3aee64154f877adb9d780b81c554bf18"
  integrity sha512-haREypq7xkM7ErfgIyA0z+Bj4AGKlMSdlQE2jvJo6huWD1EdkKYV+G/T4nq0YEF2vgTT8kqMFKo1uHn950r4SQ==

pathe@^2.0.1, pathe@^2.0.3:
  version "2.0.3"
  resolved "https://registry.yarnpkg.com/pathe/-/pathe-2.0.3.tgz#3ecbec55421685b70a9da872b2cff3e1cbed1716"
  integrity sha512-WUjGcAqP1gQacoQe+OBJsFA7Ld4DyXuUIjZ5cc75cLHvJ7dtNsTugphxIADwspS+AraAUePCKrSVtPLFj/F88w==

perfect-debounce@^2.1.0:
  version "2.1.0"
  resolved "https://registry.yarnpkg.com/perfect-debounce/-/perfect-debounce-2.1.0.tgz#e7078e38f231cb191855c3136a4423aef725d261"
  integrity sha512-LjgdTytVFXeUgtHZr9WYViYSM/g8MkcTPYDlPa3cDqMirHjKiSZPYd6DoL7pK8AJQr+uWkQvCjHNdiMqsrJs+g==

picocolors@^1.1.1:
  version "1.1.1"
  resolved "https://registry.yarnpkg.com/picocolors/-/picocolors-1.1.1.tgz#3d321af3eab939b083c8f929a1d12cda81c26b6b"
  integrity sha512-xceH2snhtb5M9liqDsmEw56le376mTZkEX/jEb/RxNFyegNul7eNslCXP9FDj/Lcu0X8KEyMceP2ntpaHrDEVA==

picomatch@^4.0.3, picomatch@^4.0.4, picomatch@^4.0.7:
  version "4.0.7"
  resolved "https://registry.yarnpkg.com/picomatch/-/picomatch-4.0.7.tgz#6313360034ccb36b3dc61ecbdff78121f90fe21f"
  integrity sha512-qcJu88Q2IWqJsDD529JKMdwGm/dvInW4HvQnRwiH9JtihJvzGOscDtHE3x1pBKeUOTysQ8kVmLnJ2kJu7yhcGA==

pkg-types@^1.3.1:
  version "1.3.1"
  resolved "https://registry.yarnpkg.com/pkg-types/-/pkg-types-1.3.1.tgz#bd7cc70881192777eef5326c19deb46e890917df"
  integrity sha512-/Jm5M4RvtBFVkKWRu2BLUTNP8/M2a+UwuAX+ae4770q1qVGtfjG+WTCupoZixokjmHiry8uI+dlY8KXYV5HVVQ==
  dependencies:
    confbox "^0.1.8"
    mlly "^1.7.4"
    pathe "^2.0.1"

pkg-types@^2.3.0, pkg-types@^2.3.1:
  version "2.3.3"
  resolved "https://registry.yarnpkg.com/pkg-types/-/pkg-types-2.3.3.tgz#7fa477b1050acf906fdb8896bb2accd52c45e3d5"
  integrity sha512-j/lCFdcppV0JxWpCEITdbDltBxPP6cHT+yNJ6Go2OgoSA9518X847X9z0p6LtA4Nc16+eQzCZjRrWanTGvHJ5w==
  dependencies:
    confbox "^0.3.1"
    exsolve "^1.1.1"
    pathe "^2.0.3"

playwright-core@1.63.0:
  version "1.63.0"
  resolved "https://registry.yarnpkg.com/playwright-core/-/playwright-core-1.63.0.tgz#e57665bc32846c213ac39a1e4d5bc6228e76b376"
  integrity sha512-rYCsBF/M5HjUch52bbtVONEFjv6Xu8sm8h72dNlR5bzIE1fvC/bxgspzkjSfU+MweEMmPM8KJebG6nnyxo5mCg==

playwright@1.63.0:
  version "1.63.0"
  resolved "https://registry.yarnpkg.com/playwright/-/playwright-1.63.0.tgz#99b56f9f69b1b70c44f00bf84b2fe52348ae2511"
  integrity sha512-+7ziBLidS4NaNCdt57SUDT+wYmmd5fmiQejUic/kb+YsYSCPyOOE9sebzMjNmQrsnNpDJqd4WHvV/8lfKfUDUg==
  dependencies:
    playwright-core "1.63.0"

postcss@^8.5.28:
  version "8.5.28"
  resolved "https://registry.yarnpkg.com/postcss/-/postcss-8.5.28.tgz#da4563a99a06e62d6c1cd1acae363224bcaed6e9"
  integrity sha512-RRuzqDtt5Y9h3quz5hWhK+TPnsmVs6WwSU6LkJMeY4HstUEDuYTG8UJSdawMRzmzAtV+KEoG8N3Qg2qLy5vM/A==
  dependencies:
    nanoid "^3.3.18"
    picocolors "^1.1.1"
    source-map-js "^1.2.1"

proxy-from-env@^2.1.0:
  version "2.1.0"
  resolved "https://registry.yarnpkg.com/proxy-from-env/-/proxy-from-env-2.1.0.tgz#a7487568adad577cfaaa7e88c49cab3ab3081aba"
  integrity sha512-cJ+oHTW1VAEa8cJslgmUZrc+sjRKgAKl3Zyse6+PV38hZe/V6Z14TbCuXcan9F9ghlz4QrFr2c92TNF82UkYHA==

quansync@^0.2.11:
  version "0.2.11"
  resolved "https://registry.yarnpkg.com/quansync/-/quansync-0.2.11.tgz#f9c3adda2e1272e4f8cf3f1457b04cbdb4ee692a"
  integrity sha512-AifT7QEbW9Nri4tAwR5M/uzpBuqfZf+zwaEM/QkzEjj7NBuFD2rBuy0K3dE+8wltbezDV7JMA0WfnCPYRSYbXA==

radix3@^1.1.2:
  version "1.1.2"
  resolved "https://registry.yarnpkg.com/radix3/-/radix3-1.1.2.tgz#fd27d2af3896c6bf4bcdfab6427c69c2afc69ec0"
  integrity sha512-b484I/7b8rDEdSDKckSSBA8knMpcdsXudlE/LNL639wFoHKwLbEkQFZHWEYwDC0wa0FKUcCY+GAF73Z7wxNVFA==

rc9@^3.0.1:
  version "3.1.0"
  resolved "https://registry.yarnpkg.com/rc9/-/rc9-3.1.0.tgz#383f44c0f0bdefcf411c1ce9403c528064a8bd1a"
  integrity sha512-ufjkNVzbRHKcCOmTahZkmVsyc3W+MSk3jY03m+a7tGHkIsdVMG9l10/3HvFbWkkKzY5VFp3pkRsIo/UYgmFL7Q==
  dependencies:
    defu "^6.1.7"
    destr "^2.0.5"

readdirp@^5.0.0:
  version "5.1.1"
  resolved "https://registry.yarnpkg.com/readdirp/-/readdirp-5.1.1.tgz#520bca06f9d1ae1b96cc0800dbe84b983d19422c"
  integrity sha512-Kko+Y5XQ6fM+Ce3dq3m9YGxnacYZYl9cA1wZjaF3Vbry2L3i1qVg8+CAgNPsXRArPMUMCaOR7oa9Nqntc43JKA==

scule@^1.3.0:
  version "1.3.0"
  resolved "https://registry.yarnpkg.com/scule/-/scule-1.3.0.tgz#6efbd22fd0bb801bdcc585c89266a7d2daa8fbd3"
  integrity sha512-6FtHJEvt+pVMIB9IBY+IcCJ6Z5f1iQnytgyfKMhDKgmzYG+TeH/wx1y3l27rshSbLiSanrR9ffZDrEsmjlQF2g==

semver@^7.8.5:
  version "7.8.5"
  resolved "https://registry.yarnpkg.com/semver/-/semver-7.8.5.tgz#39b646037dd50c14fb451e7e4cac58ed8b863f69"
  integrity sha512-Y7/KDsb8LjooZpwaqGyulO6DQlksgCncchHGk+sZIY4SBvUocMBEFH5Ur1fI4dV+Jvl0w6cjvucaIi40puRioA==

shebang-command@^2.0.0:
  version "2.0.0"
  resolved "https://registry.yarnpkg.com/shebang-command/-/shebang-command-2.0.0.tgz#ccd0af4f8835fbdc265b82461aaf0c36663f34ea"
  integrity sha512-kHxr2zZpYtdmrN1qDjrrX/Z1rR1kG8Dx+gkpK1G4eXmvXswmcE1hTWBWYUzlraYw1/yZp6YuDY77YtvbN0dmDA==
  dependencies:
    shebang-regex "^3.0.0"

shebang-regex@^3.0.0:
  version "3.0.0"
  resolved "https://registry.yarnpkg.com/shebang-regex/-/shebang-regex-3.0.0.tgz#ae16f1644d873ecad843b0307b143362d4c42172"
  integrity sha512-7++dFhtcx3353uBaq8DDR4NuxBetBzC7ZQOhmTQInHEd6bSrXdiEyzCvG07Z44UYdLShWUyXt5M/yhz8ekcb1A==

signal-exit@^4.1.0:
  version "4.1.0"
  resolved "https://registry.yarnpkg.com/signal-exit/-/signal-exit-4.1.0.tgz#952188c1cbd546070e2dd20d0f41c0ae0530cb04"
  integrity sha512-bzyZ1e88w9O1iNJbKnOlvYTrWPDl46O1bG0D3XInv+9tkPrxrN8jUUTiFlDkkmKWgn1M6CfIA13SuGqOa9Korw==

sisteransi@^1.0.5:
  version "1.0.5"
  resolved "https://registry.yarnpkg.com/sisteransi/-/sisteransi-1.0.5.tgz#134d681297756437cc05ca01370d3a7a571075ed"
  integrity sha512-bLGGlR1QxBcynn2d5YmDX4MGjlZvy2MRBDRNHLJ8VI6l6+9FUiyTFNJ0IveOSP0bcXgVDPRcfGqA0pjaqUpfVg==

source-map-js@^1.2.1:
  version "1.2.1"
  resolved "https://registry.yarnpkg.com/source-map-js/-/source-map-js-1.2.1.tgz#1ce5650fddd87abc099eda37dcff024c2667ae46"
  integrity sha512-UXWMKhLOwVKb728IUtQPXxfYU+usdybtUrK/8uGE8CQMvrhOpwvzDBwj0QhSL7MQc7vIsISBG8VQ8+IDQxpfQA==

std-env@^4.2.0:
  version "4.2.0"
  resolved "https://registry.yarnpkg.com/std-env/-/std-env-4.2.0.tgz#8ebe0ec60485668ab47227b312f4254cdf80c9d3"
  integrity sha512-oCUKSupKTHX53EyjDtuZQ64pjLJ6yYCtpmEw0goYxtjG9KpbRe8KAsl2tBUGU9DyMcJ0RwJ8GqJAFzMXcXW1Rw==

strip-final-newline@^3.0.0:
  version "3.0.0"
  resolved "https://registry.yarnpkg.com/strip-final-newline/-/strip-final-newline-3.0.0.tgz#52894c313fbff318835280aed60ff71ebf12b8fd"
  integrity sha512-dOESqjYr96iWYylGObzd39EuNTa5VJxyvVAEm5Jnh7KGo75V43Hk1odPQkNDyXNmUR6k+gEiDVXnjB8HJ3crXw==

tinyexec@^1.3.1:
  version "1.3.1"
  resolved "https://registry.yarnpkg.com/tinyexec/-/tinyexec-1.3.1.tgz#16a2e3c6e23fafce72640e678e651db36145b9c6"
  integrity sha512-GCvB3aoys96IuDFBMcTB46JOR6mdMtAToqwiW8JlWhsoh1mhHi/xn9ss/Dg7N555GiJyEt2qzoG/NHCwM6h1EA==

tinyglobby@^0.2.17:
  version "0.2.17"
  resolved "https://registry.yarnpkg.com/tinyglobby/-/tinyglobby-0.2.17.tgz#562a9a6c9eb2b3b123d39719f9af5bb44fcd7631"
  integrity sha512-wXR/dYpcqKmfWpEdZjiKJOwCNFndD0DMnrW/cYjVGttEkBfVgcLFHoNrlj47mjOVic9yyNu65alsgF4NQyTa2g==
  dependencies:
    fdir "^6.5.0"
    picomatch "^4.0.4"

ufo@^1.6.1, ufo@^1.6.3, ufo@^1.6.4:
  version "1.6.4"
  resolved "https://registry.yarnpkg.com/ufo/-/ufo-1.6.4.tgz#7a8fb875fcc6382d2c7d0b3692738b0500a92467"
  integrity sha512-JFNbkD1Svwe0KvGi8GOeLcP4kAWQ609twvCdcHxq1oSL8svv39ZuSvajcD8B+5D0eL4+s1Is2D/O6KN3qcTeRA==

uncrypto@^0.1.3:
  version "0.1.3"
  resolved "https://registry.yarnpkg.com/uncrypto/-/uncrypto-0.1.3.tgz#e1288d609226f2d02d8d69ee861fa20d8348ef2b"
  integrity sha512-Ql87qFHB3s/De2ClA9e0gsnS6zXG27SkTiSJwjCc9MebbfapQfuPzumMIUMi38ezPZVNFcHI9sUIepeQfw8J8Q==

unctx@^2.5.0:
  version "2.5.0"
  resolved "https://registry.yarnpkg.com/unctx/-/unctx-2.5.0.tgz#a0c3ba03838856d336e815a71403ce1a848e4108"
  integrity sha512-p+Rz9x0R7X+CYDkT+Xg8/GhpcShTlU8n+cf9OtOEf7zEQsNcCZO1dPKNRDqvUTaq+P32PMMkxWHwfrxkqfqAYg==
  dependencies:
    acorn "^8.15.0"
    estree-walker "^3.0.3"
    magic-string "^0.30.21"
    unplugin "^2.3.11"

unplugin@^2.3.11:
  version "2.3.11"
  resolved "https://registry.yarnpkg.com/unplugin/-/unplugin-2.3.11.tgz#411e020dd2ba90e2fbe1e7bd63a5a399e6ee3b54"
  integrity sha512-5uKD0nqiYVzlmCRs01Fhs2BdkEgBS3SAVP6ndrBsuK42iC2+JHyxM05Rm9G8+5mkmRtzMZGY8Ct5+mliZxU/Ww==
  dependencies:
    "@jridgewell/remapping" "^2.3.5"
    acorn "^8.15.0"
    picomatch "^4.0.3"
    webpack-virtual-modules "^0.6.2"

unplugin@^3.3.0:
  version "3.4.0"
  resolved "https://registry.yarnpkg.com/unplugin/-/unplugin-3.4.0.tgz#c3e19efdb040222f1e767ec07233410995e29275"
  integrity sha512-9skdIFlCsPdFV7wUfZxNsFInlW+7nJmGu2gkTu0OUhF56aXGsHab9x52/QhdJ4lC7ZDPWTxbiC4ANqVlsuaW3w==
  dependencies:
    "@jridgewell/remapping" "^2.3.5"
    picomatch "^4.0.7"
    webpack-virtual-modules "^0.6.2"

untyped@^2.0.0:
  version "2.0.0"
  resolved "https://registry.yarnpkg.com/untyped/-/untyped-2.0.0.tgz#86bc205a4ec4b0137282285866b8278557aeee97"
  integrity sha512-nwNCjxJTjNuLCgFr42fEak5OcLuB3ecca+9ksPFNvtfYSLpjf+iJqSIaSnIile6ZPbKYxI5k2AfXqeopGudK/g==
  dependencies:
    citty "^0.1.6"
    defu "^6.1.4"
    jiti "^2.4.2"
    knitwork "^1.2.0"
    scule "^1.3.0"

vitest-environment-nuxt@2.0.0:
  version "2.0.0"
  resolved "https://registry.yarnpkg.com/vitest-environment-nuxt/-/vitest-environment-nuxt-2.0.0.tgz#b8b62390e1c38b0dcc341c42228a77cf5bd34d88"
  integrity sha512-zEGFRiCAaRR3fHnqISHKMNTRvCzkQEI1XyFeqNgR2IBD0oYkfZ1rUHwi7C+h3Cns3KPykfB0av1B3MtLEbChDw==
  dependencies:
    "@nuxt/test-utils" "^4.0.0"

vue@^3.5.42:
  version "3.5.43"
  resolved "https://registry.yarnpkg.com/vue/-/vue-3.5.43.tgz#bab91368e7b9aad9b89dd92e866b120081deb094"
  integrity sha512-o5qZoksdnjIKvW1srZ3ab7pcDNYAerBjRe54D0LBLfRdCYFrSgBHVXokMas35czQc0//lmx4/tuY4ZNQ+Rf2Ng==
  dependencies:
    "@vue/compiler-dom" "3.5.43"
    "@vue/compiler-sfc" "3.5.43"
    "@vue/runtime-dom" "3.5.43"
    "@vue/server-renderer" "3.5.43"
    "@vue/shared" "3.5.43"

webpack-virtual-modules@^0.6.2:
  version "0.6.2"
  resolved "https://registry.yarnpkg.com/webpack-virtual-modules/-/webpack-virtual-modules-0.6.2.tgz#057faa9065c8acf48f24cb57ac0e77739ab9a7e8"
  integrity sha512-66/V2i5hQanC51vBQKPH4aI8NMAcBW59FVBs+rC7eGHupMyfn34q7rZIE+ETlJ+XTevqfUhVVBgSUNSW2flEUQ==

which@^2.0.1:
  version "2.0.2"
  resolved "https://registry.yarnpkg.com/which/-/which-2.0.2.tgz#7c6a8dd0a636a0327e10b59c9286eee93f3f51b1"
  integrity sha512-BLI3Tl1TW3Pvl70l3yq3Y64i+awpwXqsGBYWkkqMtnbXgrMD+yj7rhW0kuEDxzJaYXGjEW5ogapKNMEKNMjibA==
  dependencies:
    isexe "^2.0.0"
